{
  "originHash" : "a7ef46797e1241cf129f39ebe4fee5b0dba67b11c4d3ff4ca44ac42d163da00d",
  "pins" : [
    {
      "identity" : "abseil-cpp-binary",
      "kind" : "remoteSourceControl",
      "location" : "https://github.com/google/abseil-cpp-binary.git",
      "state" : {
        "revision" : "bbe8b69694d7873315fd3a4ad41efe043e1c07c5",
        "version" : "1.2024072200.0"
      }
    },
    {
      "identity" : "app-check",
      "kind" : "remoteSourceControl",
      "location" : "https://github.com/google/app-check.git",
      "state" : {
        "revision" : "61b85103a1aeed8218f17c794687781505fbbef5",
        "version" : "11.2.0"
      }
    },
    {
      "identity" : "app-core-packages",
      "kind" : "remoteSourceControl",
      "location" : "https://github.com/sakhnenkoff/app-core-packages.git",
      "state" : {
        "revision" : "2d9f5e9f7e04bfb151dffc256fc48eab4c8eb716",
        "version" : "1.0.1"
      }
    },
    {
      "identity" : "appauth-ios",
      "kind" : "remoteSourceControl",
      "location" : "https://github.com/openid/AppAuth-iOS.git",
      "state" : {
        "revision" : "2781038865a80e2c425a1da12cc1327bcd56501f",
        "version" : "1.7.6"
      }
    },
    {
      "identity" : "approuter",
      "kind" : "remoteSourceControl",
      "location" : "https://github.com/dimillian/AppRouter.git",
      "state" : {
        "revision" : "45dc8c4f3320c4a5e08b00a93d832fea036a7545",
        "version" : "1.0.4"
      }
    },
    {
      "identity" : "firebase-ios-sdk",
      "kind" : "remoteSourceControl",
      "location" : "https://github.com/firebase/firebase-ios-sdk.git",
      "state" : {
        "revision" : "e2a3c3fbcaa1df3fd549b5b3f1175bc8a11912fd",
        "version" : "12.2.0"
      }
    },
    {
      "identity" : "google-ads-on-device-conversion-ios-sdk",
      "kind" : "remoteSourceControl",
      "location" : "https://github.com/googleads/google-ads-on-device-conversion-ios-sdk",
      "state" : {
        "revision" : "a2d0f1f1666de591eb1a811f40b1706f5c63a2ed",
        "version" : "2.3.0"
      }
    },
    {
      "identity" : "googleappmeasurement",
      "kind" : "remoteSourceControl",
      "location" : "https://github.com/google/GoogleAppMeasurement.git",
      "state" : {
        "revision" : "1c7edd5cc6e4ad22d2b81166bb9b208b9e63058a",
        "version" : "12.2.0"
      }
    },
    {
      "identity" : "googledatatransport",
      "kind" : "remoteSourceControl",
      "location" : "https://github.com/google/GoogleDataTransport.git",
      "state" : {
        "revision" : "617af071af9aa1d6a091d59a202910ac482128f9",
        "version" : "10.1.0"
      }
    },
    {
      "identity" : "googlesignin-ios",
      "kind" : "remoteSourceControl",
      "location" : "https://github.com/google/GoogleSignIn-iOS.git",
      "state" : {
        "revision" : "65fb3f1aa6ffbfdc79c4e22178a55cd91561f5e9",
        "version" : "8.0.0"
      }
    },
    {
      "identity" : "googleutilities",
      "kind" : "remoteSourceControl",
      "location" : "https://github.com/google/GoogleUtilities.git",
      "state" : {
        "revision" : "60da361632d0de02786f709bdc0c4df340f7613e",
        "version" : "8.1.0"
      }
    },
    {
      "identity" : "grpc-binary",
      "kind" : "remoteSourceControl",
      "location" : "https://github.com/google/grpc-binary.git",
      "state" : {
        "revision" : "75b31c842f664a0f46a2e590a570e370249fd8f6",
        "version" : "1.69.1"
      }
    },
    {
      "identity" : "gtm-session-fetcher",
      "kind" : "remoteSourceControl",
      "location" : "https://github.com/google/gtm-session-fetcher.git",
      "state" : {
        "revision" : "a2ab612cb980066ee56d90d60d8462992c07f24b",
        "version" : "3.5.0"
      }
    },
    {
      "identity" : "gtmappauth",
      "kind" : "remoteSourceControl",
      "location" : "https://github.com/google/GTMAppAuth.git",
      "state" : {
        "revision" : "5d7d66f647400952b1758b230e019b07c0b4b22a",
        "version" : "4.1.1"
      }
    },
    {
      "identity" : "identifiablebystring",
      "kind" : "remoteSourceControl",
      "location" : "https://github.com/SwiftfulThinking/IdentifiableByString.git",
      "state" : {
        "revision" : "7f4a2fc12758def66e070e772d13db95e1f3afa8",
        "version" : "1.0.0"
      }
    },
    {
      "identity" : "interop-ios-for-google-sdks",
      "kind" : "remoteSourceControl",
      "location" : "https://github.com/google/interop-ios-for-google-sdks.git",
      "state" : {
        "revision" : "040d087ac2267d2ddd4cca36c757d1c6a05fdbfe",
        "version" : "101.0.0"
      }
    },
    {
      "identity" : "leveldb",
      "kind" : "remoteSourceControl",
      "location" : "https://github.com/firebase/leveldb.git",
      "state" : {
        "revision" : "a0bc79961d7be727d258d33d5a6b2f1023270ba1",
        "version" : "1.22.5"
      }
    },
    {
      "identity" : "lottie-ios",
      "kind" : "remoteSourceControl",
      "location" : "https://github.com/airbnb/lottie-ios.git",
      "state" : {
        "revision" : "a004050748dc197c56256a14dca49a035d74726c",
        "version" : "4.5.2"
      }
    },
    {
      "identity" : "mixpanel-swift",
      "kind" : "remoteSourceControl",
      "location" : "https://github.com/mixpanel/mixpanel-swift.git",
      "state" : {
        "revision" : "48d6668ceaaefc338f94e2b084c3cf77b90182f8",
        "version" : "4.3.0"
      }
    },
    {
      "identity" : "nanopb",
      "kind" : "remoteSourceControl",
      "location" : "https://github.com/firebase/nanopb.git",
      "state" : {
        "revision" : "b7e1104502eca3a213b46303391ca4d3bc8ddec1",
        "version" : "2.30910.0"
      }
    },
    {
      "identity" : "promises",
      "kind" : "remoteSourceControl",
      "location" : "https://github.com/google/promises.git",
      "state" : {
        "revision" : "540318ecedd63d883069ae7f1ed811a2df00b6ac",
        "version" : "2.4.0"
      }
    },
    {
      "identity" : "purchases-ios",
      "kind" : "remoteSourceControl",
      "location" : "https://github.com/RevenueCat/purchases-ios.git",
      "state" : {
        "revision" : "7b2855bbe96980952c9ebe686df1ead1b38f1f11",
        "version" : "5.9.0"
      }
    },
    {
      "identity" : "sdwebimage",
      "kind" : "remoteSourceControl",
      "location" : "https://github.com/SDWebImage/SDWebImage.git",
      "state" : {
        "revision" : "36e79ba485e9bb4d3cd4e3318908866dac5e7b51",
        "version" : "5.21.5"
      }
    },
    {
      "identity" : "sdwebimageswiftui",
      "kind" : "remoteSourceControl",
      "location" : "https://github.com/SDWebImage/SDWebImageSwiftUI.git",
      "state" : {
        "revision" : "451c6dfd5ecec2cf626d1d9ca81c2d4a60355172",
        "version" : "3.1.3"
      }
    },
    {
      "identity" : "signinappleasync",
      "kind" : "remoteSourceControl",
      "location" : "https://github.com/SwiftfulThinking/SignInAppleAsync.git",
      "state" : {
        "revision" : "42242c92cbca2b20d69e808ef13a0bc54326254e",
        "version" : "1.0.2"
      }
    },
    {
      "identity" : "signingoogleasync",
      "kind" : "remoteSourceControl",
      "location" : "https://github.com/SwiftfulThinking/SignInGoogleAsync.git",
      "state" : {
        "revision" : "7ed25f1aee0b96b8b41fed3d8759f1efd8b577a2",
        "version" : "1.0.1"
      }
    },
    {
      "identity" : "swift-protobuf",
      "kind" : "remoteSourceControl",
      "location" : "https://github.com/apple/swift-protobuf.git",
      "state" : {
        "revision" : "ebc7251dd5b37f627c93698e4374084d98409633",
        "version" : "1.28.2"
      }
    },
    {
      "identity" : "swiftfulauthenticating",
      "kind" : "remoteSourceControl",
      "location" : "https://github.com/SwiftfulThinking/SwiftfulAuthenticating",
      "state" : {
        "revision" : "aa0abd49faff19db01c5e7f499965a5330385db2",
        "version" : "1.0.13"
      }
    },
    {
      "identity" : "swiftfulauthenticatingfirebase",
      "kind" : "remoteSourceControl",
      "location" : "https://github.com/SwiftfulThinking/SwiftfulAuthenticatingFirebase",
      "state" : {
        "revision" : "54ea8c8fd45e353bf9d2b3f4e03741af7ff1587a",
        "version" : "1.0.12"
      }
    },
    {
      "identity" : "swiftfuldatamanagers",
      "kind" : "remoteSourceControl",
      "location" : "https://github.com/SwiftfulThinking/SwiftfulDataManagers.git",
      "state" : {
        "revision" : "e74ea4fdff55d8c795d6ed3c064d87dbc4939ac9",
        "version" : "1.0.1"
      }
    },
    {
      "identity" : "swiftfuldatamanagersfirebase",
      "kind" : "remoteSourceControl",
      "location" : "https://github.com/SwiftfulThinking/SwiftfulDataManagersFirebase.git",
      "state" : {
        "branch" : "main",
        "revision" : "7eab24010eeb64783cc3db394c4d12f8e25514fc"
      }
    },
    {
      "identity" : "swiftfulfirestore",
      "kind" : "remoteSourceControl",
      "location" : "https://github.com/SwiftfulThinking/SwiftfulFirestore.git",
      "state" : {
        "revision" : "288c869297fd3615ce8791f2740760d36b3b8db1",
        "version" : "11.0.4"
      }
    },
    {
      "identity" : "swiftfulgamification",
      "kind" : "remoteSourceControl",
      "location" : "https://github.com/SwiftfulThinking/SwiftfulGamification.git",
      "state" : {
        "revision" : "8a9e6a0a4eef6f7de86a9383318cee323fcdff7a",
        "version" : "1.0.0"
      }
    },
    {
      "identity" : "swiftfulgamificationfirebase",
      "kind" : "remoteSourceControl",
      "location" : "https://github.com/SwiftfulThinking/SwiftfulGamificationFirebase.git",
      "state" : {
        "revision" : "a037fd0c198ac3094c5c8f5f4f3d03ef7d742f27",
        "version" : "1.0.1"
      }
    },
    {
      "identity" : "swiftfulhaptics",
      "kind" : "remoteSourceControl",
      "location" : "https://github.com/SwiftfulThinking/SwiftfulHaptics.git",
      "state" : {
        "revision" : "181943a602277e94217267274a227f5f5042fce3",
        "version" : "2.0.3"
      }
    },
    {
      "identity" : "swiftfullogging",
      "kind" : "remoteSourceControl",
      "location" : "https://github.com/SwiftfulThinking/SwiftfulLogging.git",
      "state" : {
        "revision" : "9056978bec36107baab7e261b8d15b0e9b11a37d",
        "version" : "1.2.1"
      }
    },
    {
      "identity" : "swiftfulloggingfirebaseanalytics",
      "kind" : "remoteSourceControl",
      "location" : "https://github.com/SwiftfulThinking/SwiftfulLoggingFirebaseAnalytics",
      "state" : {
        "revision" : "568874198f8b227e3dc95a23c2278c5864ad480d",
        "version" : "1.1.4"
      }
    },
    {
      "identity" : "swiftfulloggingfirebasecrashlytics",
      "kind" : "remoteSourceControl",
      "location" : "https://github.com/SwiftfulThinking/SwiftfulLoggingFirebaseCrashlytics",
      "state" : {
        "revision" : "d7c9546571a5962f0a8ddc6b447ee05bdb71f4e3",
        "version" : "1.1.1"
      }
    },
    {
      "identity" : "swiftfulloggingmixpanel",
      "kind" : "remoteSourceControl",
      "location" : "https://github.com/SwiftfulThinking/SwiftfulLoggingMixpanel",
      "state" : {
        "revision" : "ee3aac2ee1d69963e14f8db3a48c96e20abbc5fa",
        "version" : "1.1.2"
      }
    },
    {
      "identity" : "swiftfulonboarding",
      "kind" : "remoteSourceControl",
      "location" : "https://github.com/SwiftfulThinking/SwiftfulOnboarding.git",
      "state" : {
        "revision" : "55cdf8497d56b8557f0a430d0ec25477641991f7",
        "version" : "1.0.0"
      }
    },
    {
      "identity" : "swiftfulpurchasing",
      "kind" : "remoteSourceControl",
      "location" : "https://github.com/SwiftfulThinking/SwiftfulPurchasing",
      "state" : {
        "revision" : "106276f84fa17fff0958edebca7a1b8839fa3f9c",
        "version" : "1.0.6"
      }
    },
    {
      "identity" : "swiftfulpurchasingrevenuecat",
      "kind" : "remoteSourceControl",
      "location" : "https://github.com/SwiftfulThinking/SwiftfulPurchasingRevenueCat",
      "state" : {
        "revision" : "271643f2174543a4d7a84889c9e402c66dbf9fde",
        "version" : "1.0.2"
      }
    },
    {
      "identity" : "swiftfulrecursiveui",
      "kind" : "remoteSourceControl",
      "location" : "https://github.com/SwiftfulThinking/SwiftfulRecursiveUI.git",
      "state" : {
        "revision" : "3d2d5ac6efe70874fb5ffb2f8e1d5ccd457f4366",
        "version" : "1.0.2"
      }
    },
    {
      "identity" : "swiftfulsoundeffects",
      "kind" : "remoteSourceControl",
      "location" : "https://github.com/SwiftfulThinking/SwiftfulSoundEffects.git",
      "state" : {
        "revision" : "00f8d6c9954c0adf099a32578af6b54a3ea10dd8",
        "version" : "1.0.0"
      }
    },
    {
      "identity" : "swiftfului",
      "kind" : "remoteSourceControl",
      "location" : "https://github.com/SwiftfulThinking/SwiftfulUI",
      "state" : {
        "revision" : "7e6e2d1c29d05e1519f2f5a2ce6012fe4e4dfa19",
        "version" : "1.2.0"
      }
    },
    {
      "identity" : "swiftfulutilities",
      "kind" : "remoteSourceControl",
      "location" : "https://github.com/SwiftfulThinking/SwiftfulUtilities",
      "state" : {
        "revision" : "94c122e1e58cbcbe117200df211cf08ca6f5d6fb",
        "version" : "1.1.6"
      }
    },
    {
      "identity" : "swiftkeychainwrapper",
      "kind" : "remoteSourceControl",
      "location" : "https://github.com/jrendel/SwiftKeychainWrapper.git",
      "state" : {
        "revision" : "185a3165346a03767101c4f62e9a545a0fe0530f",
        "version" : "4.0.1"
      }
    }
  ],
  "version" : 3
}
